{
  "version": 4,
  "terraform_version": "1.8.1",
  "serial": 14,
  "lineage": "6d6b1c24-e832-4de2-3f8f-75b672ebe17c",
  "outputs": {},
  "resources": [
    {
      "mode": "data",
      "type": "aws_iam_role",
      "name": "AWSGlueServiceRole-finance",
      "provider": "provider[\"registry.terraform.io/hashicorp/aws\"]",
      "instances": [
        {
          "schema_version": 0,
          "attributes": {
            "arn": "arn:aws:iam::315365539953:role/service-role/AWSGlueServiceRole-finance",
            "assume_role_policy": "{\"Version\":\"2012-10-17\",\"Statement\":[{\"Effect\":\"Allow\",\"Principal\":{\"Service\":\"glue.amazonaws.com\"},\"Action\":\"sts:AssumeRole\"}]}",
            "create_date": "2024-04-20T18:08:52Z",
            "description": "",
            "id": "AWSGlueServiceRole-finance",
            "max_session_duration": 3600,
            "name": "AWSGlueServiceRole-finance",
            "path": "/service-role/",
            "permissions_boundary": "",
            "role_last_used": [
              {
                "last_used_date": "2024-04-27T17:00:43Z",
                "region": "eu-central-1"
              }
            ],
            "tags": {},
            "unique_id": "AROAUS3KAIBY4FM4CFW5A"
          },
          "sensitive_attributes": []
        }
      ]
    },
    {
      "mode": "managed",
      "type": "aws_glue_classifier",
      "name": "finance_earnings",
      "provider": "provider[\"registry.terraform.io/hashicorp/aws\"]",
      "instances": [
        {
          "schema_version": 0,
          "attributes": {
            "csv_classifier": [
              {
                "allow_single_column": false,
                "contains_header": "PRESENT",
                "custom_datatype_configured": false,
                "custom_datatypes": null,
                "delimiter": ",",
                "disable_value_trimming": true,
                "header": [
                  "act_symbol",
                  "date",
                  "when"
                ],
                "quote_symbol": "\"",
                "serde": "None"
              }
            ],
            "grok_classifier": [],
            "id": "dolthub-finance-earnings-2",
            "json_classifier": [],
            "name": "dolthub-finance-earnings-2",
            "xml_classifier": []
          },
          "sensitive_attributes": [],
          "private": "bnVsbA=="
        }
      ]
    }
  ],
  "check_results": null
}
